
Microsoft Visual Studio Solution File, Format Version 12.00
# Visual Studio Version 16
VisualStudioVersion = 16.0.33927.289
MinimumVisualStudioVersion = 10.0.40219.1
Project("{2150E333-8FDC-42A3-9474-1A3956D46DE8}") = "Task0", "Task0", "{CAB99205-1FC8-4E1A-8233-17BD572617DF}"
EndProject
Project("{FAE04EC0-301F-11D3-BF4B-00C04F79EFBC}") = "Tyuiu.GornovTA.Sprint3.Task0.V23", "Tyuiu.GornovTA.Sprint3.Task0.V23\Tyuiu.GornovTA.Sprint3.Task0.V23.csproj", "{B9E11725-7587-4286-83AC-D0D940CC67FC}"
EndProject
Project("{FAE04EC0-301F-11D3-BF4B-00C04F79EFBC}") = "Tyuiu.GornovTA.Sprint3.Task0.V23.Test", "Tyuiu.GornovTA.Sprint3.Task0.V23.Test\Tyuiu.GornovTA.Sprint3.Task0.V23.Test.csproj", "{727D8E8A-EF05-442C-807A-C1F5ED7EFF68}"
EndProject
Project("{FAE04EC0-301F-11D3-BF4B-00C04F79EFBC}") = "Tyuiu.GornovTA.Sprint3.Task0.V23.Lib", "Tyuiu.GornovTA.Sprint3.Task0.V23.Lib\Tyuiu.GornovTA.Sprint3.Task0.V23.Lib.csproj", "{C3A90EF5-D80E-41A4-A57B-EAF89C1D46EA}"
EndProject
Project("{2150E333-8FDC-42A3-9474-1A3956D46DE8}") = "Task1", "Task1", "{4F9C7309-55EA-488B-8602-62AB02CC487D}"
EndProject
Project("{FAE04EC0-301F-11D3-BF4B-00C04F79EFBC}") = "Tyuiu.GornovTA.Sprint3.Task1.V15", "Tyuiu.GornovTA.Sprint3.Task1.V15\Tyuiu.GornovTA.Sprint3.Task1.V15.csproj", "{9900A887-954D-4CD9-B1B5-068BAFC3B4C6}"
EndProject
Project("{FAE04EC0-301F-11D3-BF4B-00C04F79EFBC}") = "Tyuiu.GornovTA.Sprint3.Task1.V15.Lib", "Tyuiu.GornovTA.Sprint3.Task1.V15.Lib\Tyuiu.GornovTA.Sprint3.Task1.V15.Lib.csproj", "{6826E310-4495-4258-A1CA-DD1E6CE9DDBC}"
EndProject
Project("{FAE04EC0-301F-11D3-BF4B-00C04F79EFBC}") = "Tyuiu.GornovTA.Sprint3.Task1.V15.Test", "Tyuiu.GornovTA.Sprint3.Task1.V15.Test\Tyuiu.GornovTA.Sprint3.Task1.V15.Test.csproj", "{FC303030-A8EE-44CC-9C72-05733FB6FF2E}"
EndProject
Project("{2150E333-8FDC-42A3-9474-1A3956D46DE8}") = "Task2", "Task2", "{CF641E24-1780-4048-8192-9F51E8AE3EE0}"
EndProject
Project("{FAE04EC0-301F-11D3-BF4B-00C04F79EFBC}") = "Tyuiu.GornovTA.Sprint3.Task2.V26", "Tyuiu.GornovTA.Sprint3.Task2.V26\Tyuiu.GornovTA.Sprint3.Task2.V26.csproj", "{7F0904E1-C9D3-40B6-B8EB-A1292036A052}"
EndProject
Project("{FAE04EC0-301F-11D3-BF4B-00C04F79EFBC}") = "Tyuiu.GornovTA.Sprint3.Task2.V26.Test", "Tyuiu.GornovTA.Sprint3.Task2.V26.Test\Tyuiu.GornovTA.Sprint3.Task2.V26.Test.csproj", "{16A76300-7656-49F2-BFAD-396B299215FC}"
EndProject
Project("{FAE04EC0-301F-11D3-BF4B-00C04F79EFBC}") = "Tyuiu.GornovTA.Sprint3.Task2.V26.Lib", "Tyuiu.GornovTA.Sprint3.Task2.V26.Lib\Tyuiu.GornovTA.Sprint3.Task2.V26.Lib.csproj", "{3CAD387F-EEEE-4E1C-B8E9-1788006E9EC4}"
EndProject
Project("{2150E333-8FDC-42A3-9474-1A3956D46DE8}") = "Task3", "Task3", "{05A7B546-4AFA-4776-A834-6BE6A41BDD34}"
EndProject
Project("{FAE04EC0-301F-11D3-BF4B-00C04F79EFBC}") = "Tyuiu.GornovTA.Sprint3.Task3.V28", "Tyuiu.GornovTA.Sprint3.Task3.V28\Tyuiu.GornovTA.Sprint3.Task3.V28.csproj", "{7BA7005E-65B6-4D65-9857-2FC396A43510}"
EndProject
Project("{FAE04EC0-301F-11D3-BF4B-00C04F79EFBC}") = "Tyuiu.GornovTA.Sprint3.Task3.V28.Lib", "Tyuiu.GornovTA.Sprint3.Task3.V28.Lib\Tyuiu.GornovTA.Sprint3.Task3.V28.Lib.csproj", "{ECC71E6A-C593-441A-A46A-A44280A6AA06}"
EndProject
Project("{FAE04EC0-301F-11D3-BF4B-00C04F79EFBC}") = "Tyuiu.GornovTA.Sprint3.Task3.V28.Test", "Tyuiu.GornovTA.Sprint3.Task3.V28.Test\Tyuiu.GornovTA.Sprint3.Task3.V28.Test.csproj", "{457E3BAD-9564-4770-8788-5F9CE5761D33}"
EndProject
Project("{2150E333-8FDC-42A3-9474-1A3956D46DE8}") = "Task4", "Task4", "{59F7A332-B73C-4D32-8C29-B8569C87F6EC}"
EndProject
Project("{FAE04EC0-301F-11D3-BF4B-00C04F79EFBC}") = "Tyuiu.GornovTA.Sprint3.Task4.V26", "Tyuiu.GornovTA.Sprint3.Task4.V26\Tyuiu.GornovTA.Sprint3.Task4.V26.csproj", "{F0D5B048-952B-4EFD-8492-03D3DF01E5D2}"
EndProject
Project("{FAE04EC0-301F-11D3-BF4B-00C04F79EFBC}") = "Tyuiu.GornovTA.Sprint3.Task4.V26.Test", "Tyuiu.GornovTA.Sprint3.Task4.V26.Test\Tyuiu.GornovTA.Sprint3.Task4.V26.Test.csproj", "{5AAA552D-63BB-4707-8B0E-DE9CA7F1520F}"
EndProject
Project("{FAE04EC0-301F-11D3-BF4B-00C04F79EFBC}") = "Tyuiu.GornovTA.Sprint3.Task4.V26.Lib", "Tyuiu.GornovTA.Sprint3.Task4.V26.Lib\Tyuiu.GornovTA.Sprint3.Task4.V26.Lib.csproj", "{F76F508A-FD1F-42A4-BF96-512C15D7F87A}"
EndProject
Project("{2150E333-8FDC-42A3-9474-1A3956D46DE8}") = "Task5", "Task5", "{28BF995C-7358-4360-907A-FEC25309923F}"
EndProject
Project("{FAE04EC0-301F-11D3-BF4B-00C04F79EFBC}") = "Tyuiu.GornovTA.Sprint3.Task5.V26", "Tyuiu.GornovTA.Sprint3.Task5.V26\Tyuiu.GornovTA.Sprint3.Task5.V26.csproj", "{4C59E34A-535E-451D-971C-7CB8EC06E1A8}"
EndProject
Project("{FAE04EC0-301F-11D3-BF4B-00C04F79EFBC}") = "Tyuiu.GornovTA.Sprint3.Task5.V26.Lib", "Tyuiu.GornovTA.Sprint3.Task5.V26.Lib\Tyuiu.GornovTA.Sprint3.Task5.V26.Lib.csproj", "{96DAF312-194B-43B8-8C41-23B8563EDD33}"
EndProject
Project("{FAE04EC0-301F-11D3-BF4B-00C04F79EFBC}") = "Tyuiu.GornovTA.Sprint3.Task5.V26.Test", "Tyuiu.GornovTA.Sprint3.Task5.V26.Test\Tyuiu.GornovTA.Sprint3.Task5.V26.Test.csproj", "{5E7D1774-E055-4988-A10A-912A742E5FB6}"
EndProject
Project("{2150E333-8FDC-42A3-9474-1A3956D46DE8}") = "Task6", "Task6", "{7E73DC5F-289F-4BED-9143-3A82AD0C3788}"
EndProject
Project("{FAE04EC0-301F-11D3-BF4B-00C04F79EFBC}") = "Tyuiu.GornovTA.Sprint3.Task6.V11", "Tyuiu.GornovTA.Sprint3.Task6.V11\Tyuiu.GornovTA.Sprint3.Task6.V11.csproj", "{FD7057F7-06FF-4CCC-9D68-82A370A9B7EE}"
EndProject
Project("{FAE04EC0-301F-11D3-BF4B-00C04F79EFBC}") = "Tyuiu.GornovTA.Sprint3.Task6.V11.Test", "Tyuiu.GornovTA.Sprint3.Task6.V11.Test\Tyuiu.GornovTA.Sprint3.Task6.V11.Test.csproj", "{6F21CE80-D794-4D44-B9C9-22EFA6D86DC6}"
EndProject
Project("{FAE04EC0-301F-11D3-BF4B-00C04F79EFBC}") = "Tyuiu.GornovTA.Sprint3.Task6.V11.Lib", "Tyuiu.GornovTA.Sprint3.Task6.V11.Lib\Tyuiu.GornovTA.Sprint3.Task6.V11.Lib.csproj", "{36B7653F-6296-4744-87D1-D322A1C8F73A}"
EndProject
Project("{2150E333-8FDC-42A3-9474-1A3956D46DE8}") = "Task7", "Task7", "{7163290C-DF56-4C1C-AC7A-A533D45AC893}"
EndProject
Project("{FAE04EC0-301F-11D3-BF4B-00C04F79EFBC}") = "Tyuiu.GornovTA.Sprint3.Task7.V20", "Tyuiu.GornovTA.Sprint3.Task7.V20\Tyuiu.GornovTA.Sprint3.Task7.V20.csproj", "{4FE43638-8A95-4527-9A23-48088EFD5218}"
EndProject
Project("{FAE04EC0-301F-11D3-BF4B-00C04F79EFBC}") = "Tyuiu.GornovTA.Sprint3.Task7.V20.Lib", "Tyuiu.GornovTA.Sprint3.Task7.V20.Lib\Tyuiu.GornovTA.Sprint3.Task7.V20.Lib.csproj", "{9CBB77CC-05A2-4932-A479-CB0E24FF92F3}"
EndProject
Project("{FAE04EC0-301F-11D3-BF4B-00C04F79EFBC}") = "Tyuiu.GornovTA.Sprint3.Task7.V20.Test", "Tyuiu.GornovTA.Sprint3.Task7.V20.Test\Tyuiu.GornovTA.Sprint3.Task7.V20.Test.csproj", "{AF86C4DC-CE1F-4AD4-BCB5-A7E1F581A34A}"
EndProject
Global
	GlobalSection(SolutionConfigurationPlatforms) = preSolution
		Debug|Any CPU = Debug|Any CPU
		Release|Any CPU = Release|Any CPU
	EndGlobalSection
	GlobalSection(ProjectConfigurationPlatforms) = postSolution
		{B9E11725-7587-4286-83AC-D0D940CC67FC}.Debug|Any CPU.ActiveCfg = Debug|Any CPU
		{B9E11725-7587-4286-83AC-D0D940CC67FC}.Debug|Any CPU.Build.0 = Debug|Any CPU
		{B9E11725-7587-4286-83AC-D0D940CC67FC}.Release|Any CPU.ActiveCfg = Release|Any CPU
		{B9E11725-7587-4286-83AC-D0D940CC67FC}.Release|Any CPU.Build.0 = Release|Any CPU
		{727D8E8A-EF05-442C-807A-C1F5ED7EFF68}.Debug|Any CPU.ActiveCfg = Debug|Any CPU
		{727D8E8A-EF05-442C-807A-C1F5ED7EFF68}.Debug|Any CPU.Build.0 = Debug|Any CPU
		{727D8E8A-EF05-442C-807A-C1F5ED7EFF68}.Release|Any CPU.ActiveCfg = Release|Any CPU
		{727D8E8A-EF05-442C-807A-C1F5ED7EFF68}.Release|Any CPU.Build.0 = Release|Any CPU
		{C3A90EF5-D80E-41A4-A57B-EAF89C1D46EA}.Debug|Any CPU.ActiveCfg = Debug|Any CPU
		{C3A90EF5-D80E-41A4-A57B-EAF89C1D46EA}.Debug|Any CPU.Build.0 = Debug|Any CPU
		{C3A90EF5-D80E-41A4-A57B-EAF89C1D46EA}.Release|Any CPU.ActiveCfg = Release|Any CPU
		{C3A90EF5-D80E-41A4-A57B-EAF89C1D46EA}.Release|Any CPU.Build.0 = Release|Any CPU
		{9900A887-954D-4CD9-B1B5-068BAFC3B4C6}.Debug|Any CPU.ActiveCfg = Debug|Any CPU
		{9900A887-954D-4CD9-B1B5-068BAFC3B4C6}.Debug|Any CPU.Build.0 = Debug|Any CPU
		{9900A887-954D-4CD9-B1B5-068BAFC3B4C6}.Release|Any CPU.ActiveCfg = Release|Any CPU
		{9900A887-954D-4CD9-B1B5-068BAFC3B4C6}.Release|Any CPU.Build.0 = Release|Any CPU
		{6826E310-4495-4258-A1CA-DD1E6CE9DDBC}.Debug|Any CPU.ActiveCfg = Debug|Any CPU
		{6826E310-4495-4258-A1CA-DD1E6CE9DDBC}.Debug|Any CPU.Build.0 = Debug|Any CPU
		{6826E310-4495-4258-A1CA-DD1E6CE9DDBC}.Release|Any CPU.ActiveCfg = Release|Any CPU
		{6826E310-4495-4258-A1CA-DD1E6CE9DDBC}.Release|Any CPU.Build.0 = Release|Any CPU
		{FC303030-A8EE-44CC-9C72-05733FB6FF2E}.Debug|Any CPU.ActiveCfg = Debug|Any CPU
		{FC303030-A8EE-44CC-9C72-05733FB6FF2E}.Debug|Any CPU.Build.0 = Debug|Any CPU
		{FC303030-A8EE-44CC-9C72-05733FB6FF2E}.Release|Any CPU.ActiveCfg = Release|Any CPU
		{FC303030-A8EE-44CC-9C72-05733FB6FF2E}.Release|Any CPU.Build.0 = Release|Any CPU
		{7F0904E1-C9D3-40B6-B8EB-A1292036A052}.Debug|Any CPU.ActiveCfg = Debug|Any CPU
		{7F0904E1-C9D3-40B6-B8EB-A1292036A052}.Debug|Any CPU.Build.0 = Debug|Any CPU
		{7F0904E1-C9D3-40B6-B8EB-A1292036A052}.Release|Any CPU.ActiveCfg = Release|Any CPU
		{7F0904E1-C9D3-40B6-B8EB-A1292036A052}.Release|Any CPU.Build.0 = Release|Any CPU
		{16A76300-7656-49F2-BFAD-396B299215FC}.Debug|Any CPU.ActiveCfg = Debug|Any CPU
		{16A76300-7656-49F2-BFAD-396B299215FC}.Debug|Any CPU.Build.0 = Debug|Any CPU
		{16A76300-7656-49F2-BFAD-396B299215FC}.Release|Any CPU.ActiveCfg = Release|Any CPU
		{16A76300-7656-49F2-BFAD-396B299215FC}.Release|Any CPU.Build.0 = Release|Any CPU
		{3CAD387F-EEEE-4E1C-B8E9-1788006E9EC4}.Debug|Any CPU.ActiveCfg = Debug|Any CPU
		{3CAD387F-EEEE-4E1C-B8E9-1788006E9EC4}.Debug|Any CPU.Build.0 = Debug|Any CPU
		{3CAD387F-EEEE-4E1C-B8E9-1788006E9EC4}.Release|Any CPU.ActiveCfg = Release|Any CPU
		{3CAD387F-EEEE-4E1C-B8E9-1788006E9EC4}.Release|Any CPU.Build.0 = Release|Any CPU
		{7BA7005E-65B6-4D65-9857-2FC396A43510}.Debug|Any CPU.ActiveCfg = Debug|Any CPU
		{7BA7005E-65B6-4D65-9857-2FC396A43510}.Debug|Any CPU.Build.0 = Debug|Any CPU
		{7BA7005E-65B6-4D65-9857-2FC396A43510}.Release|Any CPU.ActiveCfg = Release|Any CPU
		{7BA7005E-65B6-4D65-9857-2FC396A43510}.Release|Any CPU.Build.0 = Release|Any CPU
		{ECC71E6A-C593-441A-A46A-A44280A6AA06}.Debug|Any CPU.ActiveCfg = Debug|Any CPU
		{ECC71E6A-C593-441A-A46A-A44280A6AA06}.Debug|Any CPU.Build.0 = Debug|Any CPU
		{ECC71E6A-C593-441A-A46A-A44280A6AA06}.Release|Any CPU.ActiveCfg = Release|Any CPU
		{ECC71E6A-C593-441A-A46A-A44280A6AA06}.Release|Any CPU.Build.0 = Release|Any CPU
		{457E3BAD-9564-4770-8788-5F9CE5761D33}.Debug|Any CPU.ActiveCfg = Debug|Any CPU
		{457E3BAD-9564-4770-8788-5F9CE5761D33}.Debug|Any CPU.Build.0 = Debug|Any CPU
		{457E3BAD-9564-4770-8788-5F9CE5761D33}.Release|Any CPU.ActiveCfg = Release|Any CPU
		{457E3BAD-9564-4770-8788-5F9CE5761D33}.Release|Any CPU.Build.0 = Release|Any CPU
		{F0D5B048-952B-4EFD-8492-03D3DF01E5D2}.Debug|Any CPU.ActiveCfg = Debug|Any CPU
		{F0D5B048-952B-4EFD-8492-03D3DF01E5D2}.Debug|Any CPU.Build.0 = Debug|Any CPU
		{F0D5B048-952B-4EFD-8492-03D3DF01E5D2}.Release|Any CPU.ActiveCfg = Release|Any CPU
		{F0D5B048-952B-4EFD-8492-03D3DF01E5D2}.Release|Any CPU.Build.0 = Release|Any CPU
		{5AAA552D-63BB-4707-8B0E-DE9CA7F1520F}.Debug|Any CPU.ActiveCfg = Debug|Any CPU
		{5AAA552D-63BB-4707-8B0E-DE9CA7F1520F}.Debug|Any CPU.Build.0 = Debug|Any CPU
		{5AAA552D-63BB-4707-8B0E-DE9CA7F1520F}.Release|Any CPU.ActiveCfg = Release|Any CPU
		{5AAA552D-63BB-4707-8B0E-DE9CA7F1520F}.Release|Any CPU.Build.0 = Release|Any CPU
		{F76F508A-FD1F-42A4-BF96-512C15D7F87A}.Debug|Any CPU.ActiveCfg = Debug|Any CPU
		{F76F508A-FD1F-42A4-BF96-512C15D7F87A}.Debug|Any CPU.Build.0 = Debug|Any CPU
		{F76F508A-FD1F-42A4-BF96-512C15D7F87A}.Release|Any CPU.ActiveCfg = Release|Any CPU
		{F76F508A-FD1F-42A4-BF96-512C15D7F87A}.Release|Any CPU.Build.0 = Release|Any CPU
		{4C59E34A-535E-451D-971C-7CB8EC06E1A8}.Debug|Any CPU.ActiveCfg = Debug|Any CPU
		{4C59E34A-535E-451D-971C-7CB8EC06E1A8}.Debug|Any CPU.Build.0 = Debug|Any CPU
		{4C59E34A-535E-451D-971C-7CB8EC06E1A8}.Release|Any CPU.ActiveCfg = Release|Any CPU
		{4C59E34A-535E-451D-971C-7CB8EC06E1A8}.Release|Any CPU.Build.0 = Release|Any CPU
		{96DAF312-194B-43B8-8C41-23B8563EDD33}.Debug|Any CPU.ActiveCfg = Debug|Any CPU
		{96DAF312-194B-43B8-8C41-23B8563EDD33}.Debug|Any CPU.Build.0 = Debug|Any CPU
		{96DAF312-194B-43B8-8C41-23B8563EDD33}.Release|Any CPU.ActiveCfg = Release|Any CPU
		{96DAF312-194B-43B8-8C41-23B8563EDD33}.Release|Any CPU.Build.0 = Release|Any CPU
		{5E7D1774-E055-4988-A10A-912A742E5FB6}.Debug|Any CPU.ActiveCfg = Debug|Any CPU
		{5E7D1774-E055-4988-A10A-912A742E5FB6}.Debug|Any CPU.Build.0 = Debug|Any CPU
		{5E7D1774-E055-4988-A10A-912A742E5FB6}.Release|Any CPU.ActiveCfg = Release|Any CPU
		{5E7D1774-E055-4988-A10A-912A742E5FB6}.Release|Any CPU.Build.0 = Release|Any CPU
		{FD7057F7-06FF-4CCC-9D68-82A370A9B7EE}.Debug|Any CPU.ActiveCfg = Debug|Any CPU
		{FD7057F7-06FF-4CCC-9D68-82A370A9B7EE}.Debug|Any CPU.Build.0 = Debug|Any CPU
		{FD7057F7-06FF-4CCC-9D68-82A370A9B7EE}.Release|Any CPU.ActiveCfg = Release|Any CPU
		{FD7057F7-06FF-4CCC-9D68-82A370A9B7EE}.Release|Any CPU.Build.0 = Release|Any CPU
		{6F21CE80-D794-4D44-B9C9-22EFA6D86DC6}.Debug|Any CPU.ActiveCfg = Debug|Any CPU
		{6F21CE80-D794-4D44-B9C9-22EFA6D86DC6}.Debug|Any CPU.Build.0 = Debug|Any CPU
		{6F21CE80-D794-4D44-B9C9-22EFA6D86DC6}.Release|Any CPU.ActiveCfg = Release|Any CPU
		{6F21CE80-D794-4D44-B9C9-22EFA6D86DC6}.Release|Any CPU.Build.0 = Release|Any CPU
		{36B7653F-6296-4744-87D1-D322A1C8F73A}.Debug|Any CPU.ActiveCfg = Debug|Any CPU
		{36B7653F-6296-4744-87D1-D322A1C8F73A}.Debug|Any CPU.Build.0 = Debug|Any CPU
		{36B7653F-6296-4744-87D1-D322A1C8F73A}.Release|Any CPU.ActiveCfg = Release|Any CPU
		{36B7653F-6296-4744-87D1-D322A1C8F73A}.Release|Any CPU.Build.0 = Release|Any CPU
		{4FE43638-8A95-4527-9A23-48088EFD5218}.Debug|Any CPU.ActiveCfg = Debug|Any CPU
		{4FE43638-8A95-4527-9A23-48088EFD5218}.Debug|Any CPU.Build.0 = Debug|Any CPU
		{4FE43638-8A95-4527-9A23-48088EFD5218}.Release|Any CPU.ActiveCfg = Release|Any CPU
		{4FE43638-8A95-4527-9A23-48088EFD5218}.Release|Any CPU.Build.0 = Release|Any CPU
		{9CBB77CC-05A2-4932-A479-CB0E24FF92F3}.Debug|Any CPU.ActiveCfg = Debug|Any CPU
		{9CBB77CC-05A2-4932-A479-CB0E24FF92F3}.Debug|Any CPU.Build.0 = Debug|Any CPU
		{9CBB77CC-05A2-4932-A479-CB0E24FF92F3}.Release|Any CPU.ActiveCfg = Release|Any CPU
		{9CBB77CC-05A2-4932-A479-CB0E24FF92F3}.Release|Any CPU.Build.0 = Release|Any CPU
		{AF86C4DC-CE1F-4AD4-BCB5-A7E1F581A34A}.Debug|Any CPU.ActiveCfg = Debug|Any CPU
		{AF86C4DC-CE1F-4AD4-BCB5-A7E1F581A34A}.Debug|Any CPU.Build.0 = Debug|Any CPU
		{AF86C4DC-CE1F-4AD4-BCB5-A7E1F581A34A}.Release|Any CPU.ActiveCfg = Release|Any CPU
		{AF86C4DC-CE1F-4AD4-BCB5-A7E1F581A34A}.Release|Any CPU.Build.0 = Release|Any CPU
	EndGlobalSection
	GlobalSection(SolutionProperties) = preSolution
		HideSolutionNode = FALSE
	EndGlobalSection
	GlobalSection(NestedProjects) = preSolution
		{B9E11725-7587-4286-83AC-D0D940CC67FC} = {CAB99205-1FC8-4E1A-8233-17BD572617DF}
		{727D8E8A-EF05-442C-807A-C1F5ED7EFF68} = {CAB99205-1FC8-4E1A-8233-17BD572617DF}
		{C3A90EF5-D80E-41A4-A57B-EAF89C1D46EA} = {CAB99205-1FC8-4E1A-8233-17BD572617DF}
		{9900A887-954D-4CD9-B1B5-068BAFC3B4C6} = {4F9C7309-55EA-488B-8602-62AB02CC487D}
		{6826E310-4495-4258-A1CA-DD1E6CE9DDBC} = {4F9C7309-55EA-488B-8602-62AB02CC487D}
		{FC303030-A8EE-44CC-9C72-05733FB6FF2E} = {4F9C7309-55EA-488B-8602-62AB02CC487D}
		{7F0904E1-C9D3-40B6-B8EB-A1292036A052} = {CF641E24-1780-4048-8192-9F51E8AE3EE0}
		{16A76300-7656-49F2-BFAD-396B299215FC} = {CF641E24-1780-4048-8192-9F51E8AE3EE0}
		{3CAD387F-EEEE-4E1C-B8E9-1788006E9EC4} = {CF641E24-1780-4048-8192-9F51E8AE3EE0}
		{7BA7005E-65B6-4D65-9857-2FC396A43510} = {05A7B546-4AFA-4776-A834-6BE6A41BDD34}
		{ECC71E6A-C593-441A-A46A-A44280A6AA06} = {05A7B546-4AFA-4776-A834-6BE6A41BDD34}
		{457E3BAD-9564-4770-8788-5F9CE5761D33} = {05A7B546-4AFA-4776-A834-6BE6A41BDD34}
		{F0D5B048-952B-4EFD-8492-03D3DF01E5D2} = {59F7A332-B73C-4D32-8C29-B8569C87F6EC}
		{5AAA552D-63BB-4707-8B0E-DE9CA7F1520F} = {59F7A332-B73C-4D32-8C29-B8569C87F6EC}
		{F76F508A-FD1F-42A4-BF96-512C15D7F87A} = {59F7A332-B73C-4D32-8C29-B8569C87F6EC}
		{4C59E34A-535E-451D-971C-7CB8EC06E1A8} = {28BF995C-7358-4360-907A-FEC25309923F}
		{96DAF312-194B-43B8-8C41-23B8563EDD33} = {28BF995C-7358-4360-907A-FEC25309923F}
		{5E7D1774-E055-4988-A10A-912A742E5FB6} = {28BF995C-7358-4360-907A-FEC25309923F}
		{FD7057F7-06FF-4CCC-9D68-82A370A9B7EE} = {7E73DC5F-289F-4BED-9143-3A82AD0C3788}
		{6F21CE80-D794-4D44-B9C9-22EFA6D86DC6} = {7E73DC5F-289F-4BED-9143-3A82AD0C3788}
		{36B7653F-6296-4744-87D1-D322A1C8F73A} = {7E73DC5F-289F-4BED-9143-3A82AD0C3788}
		{4FE43638-8A95-4527-9A23-48088EFD5218} = {7163290C-DF56-4C1C-AC7A-A533D45AC893}
		{9CBB77CC-05A2-4932-A479-CB0E24FF92F3} = {7163290C-DF56-4C1C-AC7A-A533D45AC893}
		{AF86C4DC-CE1F-4AD4-BCB5-A7E1F581A34A} = {7163290C-DF56-4C1C-AC7A-A533D45AC893}
	EndGlobalSection
	GlobalSection(ExtensibilityGlobals) = postSolution
		SolutionGuid = {D4D6BCE4-A191-49CB-97F1-759538C04035}
	EndGlobalSection
EndGlobal
