
Microsoft Visual Studio Solution File, Format Version 12.00
# Visual Studio Version 16
VisualStudioVersion = 16.0.33927.289
MinimumVisualStudioVersion = 10.0.40219.1
Project("{2150E333-8FDC-42A3-9474-1A3956D46DE8}") = "Task0", "Task0", "{CAB99205-1FC8-4E1A-8233-17BD572617DF}"
EndProject
Project("{FAE04EC0-301F-11D3-BF4B-00C04F79EFBC}") = "Tyuiu.GornovTA.Sprint3.Task0.V23", "Tyuiu.GornovTA.Sprint3.Task0.V23\Tyuiu.GornovTA.Sprint3.Task0.V23.csproj", "{B9E11725-7587-4286-83AC-D0D940CC67FC}"
EndProject
Project("{FAE04EC0-301F-11D3-BF4B-00C04F79EFBC}") = "Tyuiu.GornovTA.Sprint3.Task0.V23.Test", "Tyuiu.GornovTA.Sprint3.Task0.V23.Test\Tyuiu.GornovTA.Sprint3.Task0.V23.Test.csproj", "{727D8E8A-EF05-442C-807A-C1F5ED7EFF68}"
EndProject
Project("{FAE04EC0-301F-11D3-BF4B-00C04F79EFBC}") = "Tyuiu.GornovTA.Sprint3.Task0.V23.Lib", "Tyuiu.GornovTA.Sprint3.Task0.V23.Lib\Tyuiu.GornovTA.Sprint3.Task0.V23.Lib.csproj", "{C3A90EF5-D80E-41A4-A57B-EAF89C1D46EA}"
EndProject
Project("{2150E333-8FDC-42A3-9474-1A3956D46DE8}") = "Task1", "Task1", "{4F9C7309-55EA-488B-8602-62AB02CC487D}"
EndProject
Project("{FAE04EC0-301F-11D3-BF4B-00C04F79EFBC}") = "Tyuiu.GornovTA.Sprint3.Task1.V15", "Tyuiu.GornovTA.Sprint3.Task1.V15\Tyuiu.GornovTA.Sprint3.Task1.V15.csproj", "{9900A887-954D-4CD9-B1B5-068BAFC3B4C6}"
EndProject
Project("{FAE04EC0-301F-11D3-BF4B-00C04F79EFBC}") = "Tyuiu.GornovTA.Sprint3.Task1.V15.Lib", "Tyuiu.GornovTA.Sprint3.Task1.V15.Lib\Tyuiu.GornovTA.Sprint3.Task1.V15.Lib.csproj", "{6826E310-4495-4258-A1CA-DD1E6CE9DDBC}"
EndProject
Project("{FAE04EC0-301F-11D3-BF4B-00C04F79EFBC}") = "Tyuiu.GornovTA.Sprint3.Task1.V15.Test", "Tyuiu.GornovTA.Sprint3.Task1.V15.Test\Tyuiu.GornovTA.Sprint3.Task1.V15.Test.csproj", "{FC303030-A8EE-44CC-9C72-05733FB6FF2E}"
EndProject
Project("{2150E333-8FDC-42A3-9474-1A3956D46DE8}") = "Task2", "Task2", "{CF641E24-1780-4048-8192-9F51E8AE3EE0}"
EndProject
Project("{FAE04EC0-301F-11D3-BF4B-00C04F79EFBC}") = "Tyuiu.GornovTA.Sprint3.Task2.V26", "Tyuiu.GornovTA.Sprint3.Task2.V26\Tyuiu.GornovTA.Sprint3.Task2.V26.csproj", "{7F0904E1-C9D3-40B6-B8EB-A1292036A052}"
EndProject
Project("{FAE04EC0-301F-11D3-BF4B-00C04F79EFBC}") = "Tyuiu.GornovTA.Sprint3.Task2.V26.Test", "Tyuiu.GornovTA.Sprint3.Task2.V26.Test\Tyuiu.GornovTA.Sprint3.Task2.V26.Test.csproj", "{16A76300-7656-49F2-BFAD-396B299215FC}"
EndProject
Project("{FAE04EC0-301F-11D3-BF4B-00C04F79EFBC}") = "Tyuiu.GornovTA.Sprint3.Task2.V26.Lib", "Tyuiu.GornovTA.Sprint3.Task2.V26.Lib\Tyuiu.GornovTA.Sprint3.Task2.V26.Lib.csproj", "{3CAD387F-EEEE-4E1C-B8E9-1788006E9EC4}"
EndProject
Global
	GlobalSection(SolutionConfigurationPlatforms) = preSolution
		Debug|Any CPU = Debug|Any CPU
		Release|Any CPU = Release|Any CPU
	EndGlobalSection
	GlobalSection(ProjectConfigurationPlatforms) = postSolution
		{B9E11725-7587-4286-83AC-D0D940CC67FC}.Debug|Any CPU.ActiveCfg = Debug|Any CPU
		{B9E11725-7587-4286-83AC-D0D940CC67FC}.Debug|Any CPU.Build.0 = Debug|Any CPU
		{B9E11725-7587-4286-83AC-D0D940CC67FC}.Release|Any CPU.ActiveCfg = Release|Any CPU
		{B9E11725-7587-4286-83AC-D0D940CC67FC}.Release|Any CPU.Build.0 = Release|Any CPU
		{727D8E8A-EF05-442C-807A-C1F5ED7EFF68}.Debug|Any CPU.ActiveCfg = Debug|Any CPU
		{727D8E8A-EF05-442C-807A-C1F5ED7EFF68}.Debug|Any CPU.Build.0 = Debug|Any CPU
		{727D8E8A-EF05-442C-807A-C1F5ED7EFF68}.Release|Any CPU.ActiveCfg = Release|Any CPU
		{727D8E8A-EF05-442C-807A-C1F5ED7EFF68}.Release|Any CPU.Build.0 = Release|Any CPU
		{C3A90EF5-D80E-41A4-A57B-EAF89C1D46EA}.Debug|Any CPU.ActiveCfg = Debug|Any CPU
		{C3A90EF5-D80E-41A4-A57B-EAF89C1D46EA}.Debug|Any CPU.Build.0 = Debug|Any CPU
		{C3A90EF5-D80E-41A4-A57B-EAF89C1D46EA}.Release|Any CPU.ActiveCfg = Release|Any CPU
		{C3A90EF5-D80E-41A4-A57B-EAF89C1D46EA}.Release|Any CPU.Build.0 = Release|Any CPU
		{9900A887-954D-4CD9-B1B5-068BAFC3B4C6}.Debug|Any CPU.ActiveCfg = Debug|Any CPU
		{9900A887-954D-4CD9-B1B5-068BAFC3B4C6}.Debug|Any CPU.Build.0 = Debug|Any CPU
		{9900A887-954D-4CD9-B1B5-068BAFC3B4C6}.Release|Any CPU.ActiveCfg = Release|Any CPU
		{9900A887-954D-4CD9-B1B5-068BAFC3B4C6}.Release|Any CPU.Build.0 = Release|Any CPU
		{6826E310-4495-4258-A1CA-DD1E6CE9DDBC}.Debug|Any CPU.ActiveCfg = Debug|Any CPU
		{6826E310-4495-4258-A1CA-DD1E6CE9DDBC}.Debug|Any CPU.Build.0 = Debug|Any CPU
		{6826E310-4495-4258-A1CA-DD1E6CE9DDBC}.Release|Any CPU.ActiveCfg = Release|Any CPU
		{6826E310-4495-4258-A1CA-DD1E6CE9DDBC}.Release|Any CPU.Build.0 = Release|Any CPU
		{FC303030-A8EE-44CC-9C72-05733FB6FF2E}.Debug|Any CPU.ActiveCfg = Debug|Any CPU
		{FC303030-A8EE-44CC-9C72-05733FB6FF2E}.Debug|Any CPU.Build.0 = Debug|Any CPU
		{FC303030-A8EE-44CC-9C72-05733FB6FF2E}.Release|Any CPU.ActiveCfg = Release|Any CPU
		{FC303030-A8EE-44CC-9C72-05733FB6FF2E}.Release|Any CPU.Build.0 = Release|Any CPU
		{7F0904E1-C9D3-40B6-B8EB-A1292036A052}.Debug|Any CPU.ActiveCfg = Debug|Any CPU
		{7F0904E1-C9D3-40B6-B8EB-A1292036A052}.Debug|Any CPU.Build.0 = Debug|Any CPU
		{7F0904E1-C9D3-40B6-B8EB-A1292036A052}.Release|Any CPU.ActiveCfg = Release|Any CPU
		{7F0904E1-C9D3-40B6-B8EB-A1292036A052}.Release|Any CPU.Build.0 = Release|Any CPU
		{16A76300-7656-49F2-BFAD-396B299215FC}.Debug|Any CPU.ActiveCfg = Debug|Any CPU
		{16A76300-7656-49F2-BFAD-396B299215FC}.Debug|Any CPU.Build.0 = Debug|Any CPU
		{16A76300-7656-49F2-BFAD-396B299215FC}.Release|Any CPU.ActiveCfg = Release|Any CPU
		{16A76300-7656-49F2-BFAD-396B299215FC}.Release|Any CPU.Build.0 = Release|Any CPU
		{3CAD387F-EEEE-4E1C-B8E9-1788006E9EC4}.Debug|Any CPU.ActiveCfg = Debug|Any CPU
		{3CAD387F-EEEE-4E1C-B8E9-1788006E9EC4}.Debug|Any CPU.Build.0 = Debug|Any CPU
		{3CAD387F-EEEE-4E1C-B8E9-1788006E9EC4}.Release|Any CPU.ActiveCfg = Release|Any CPU
		{3CAD387F-EEEE-4E1C-B8E9-1788006E9EC4}.Release|Any CPU.Build.0 = Release|Any CPU
	EndGlobalSection
	GlobalSection(SolutionProperties) = preSolution
		HideSolutionNode = FALSE
	EndGlobalSection
	GlobalSection(NestedProjects) = preSolution
		{B9E11725-7587-4286-83AC-D0D940CC67FC} = {CAB99205-1FC8-4E1A-8233-17BD572617DF}
		{727D8E8A-EF05-442C-807A-C1F5ED7EFF68} = {CAB99205-1FC8-4E1A-8233-17BD572617DF}
		{C3A90EF5-D80E-41A4-A57B-EAF89C1D46EA} = {CAB99205-1FC8-4E1A-8233-17BD572617DF}
		{9900A887-954D-4CD9-B1B5-068BAFC3B4C6} = {4F9C7309-55EA-488B-8602-62AB02CC487D}
		{6826E310-4495-4258-A1CA-DD1E6CE9DDBC} = {4F9C7309-55EA-488B-8602-62AB02CC487D}
		{FC303030-A8EE-44CC-9C72-05733FB6FF2E} = {4F9C7309-55EA-488B-8602-62AB02CC487D}
		{7F0904E1-C9D3-40B6-B8EB-A1292036A052} = {CF641E24-1780-4048-8192-9F51E8AE3EE0}
		{16A76300-7656-49F2-BFAD-396B299215FC} = {CF641E24-1780-4048-8192-9F51E8AE3EE0}
		{3CAD387F-EEEE-4E1C-B8E9-1788006E9EC4} = {CF641E24-1780-4048-8192-9F51E8AE3EE0}
	EndGlobalSection
	GlobalSection(ExtensibilityGlobals) = postSolution
		SolutionGuid = {D4D6BCE4-A191-49CB-97F1-759538C04035}
	EndGlobalSection
EndGlobal
